
Microsoft Visual Studio Solution File, Format Version 12.00
# Visual Studio 15
VisualStudioVersion = 15.0.27703.2042
MinimumVisualStudioVersion = 10.0.40219.1
Project("{FAE04EC0-301F-11D3-BF4B-00C04F79EFBC}") = "BDOCountDown", "BDOCountDown\BDOCountDown.csproj", "{5A86D221-BD15-4632-BDAA-5E122B4EFC2B}"
EndProject
Global
	GlobalSection(SolutionConfigurationPlatforms) = preSolution
		Debug|Any CPU = Debug|Any CPU
		Release|Any CPU = Release|Any CPU
	EndGlobalSection
	GlobalSection(ProjectConfigurationPlatforms) = postSolution
		{5A86D221-BD15-4632-BDAA-5E122B4EFC2B}.Debug|Any CPU.ActiveCfg = Debug|Any CPU
		{5A86D221-BD15-4632-BDAA-5E122B4EFC2B}.Debug|Any CPU.Build.0 = Debug|Any CPU
		{5A86D221-BD15-4632-BDAA-5E122B4EFC2B}.Release|Any CPU.ActiveCfg = Release|Any CPU
		{5A86D221-BD15-4632-BDAA-5E122B4EFC2B}.Release|Any CPU.Build.0 = Release|Any CPU
	EndGlobalSection
	GlobalSection(SolutionProperties) = preSolution
		HideSolutionNode = FALSE
	EndGlobalSection
	GlobalSection(ExtensibilityGlobals) = postSolution
		SolutionGuid = {E83671EC-832E-4F14-9C97-8DE468982575}
	EndGlobalSection
EndGlobal
